
Microsoft Visual Studio Solution File, Format Version 10.00
# Visual Studio 2008
Project("{2150E333-8FDC-42A3-9474-1A3956D46DE8}") = "Solution Items", "Solution Items", "{051B69AA-E147-4B6D-B7E6-44A6211E6061}"
	ProjectSection(SolutionItems) = preProject
		Readme.txt = Readme.txt
	EndProjectSection
EndProject
Project("{2150E333-8FDC-42A3-9474-1A3956D46DE8}") = "Resources", "Resources", "{CA74AC34-9418-4725-8C0C-6215F5DCE728}"
	ProjectSection(SolutionItems) = preProject
		Resources\ChannelControl_Normal.png = Resources\ChannelControl_Normal.png
		Resources\ChannelControl_OfflineChannel.png = Resources\ChannelControl_OfflineChannel.png
		Resources\ChannelControl_OnlineChannel.png = Resources\ChannelControl_OnlineChannel.png
		Resources\ChannelControl_Operator.png = Resources\ChannelControl_Operator.png
	EndProjectSection
EndProject
Project("{FAE04EC0-301F-11D3-BF4B-00C04F79EFBC}") = "EbIRC", "EbIRC\EbIRC.csproj", "{82124F8F-1A07-4475-9704-EA254A183FBC}"
EndProject
Project("{B900F1C2-3D47-4FEC-85B3-04AAF18C3634}") = "EbIRCInstaller_AppOnly", "EbIRCInstaller_AppOnly\EbIRCInstaller_AppOnly.vddproj", "{0E6DFCB7-F5E5-4647-BB16-1110D8B9DD2A}"
EndProject
Global
	GlobalSection(SolutionConfigurationPlatforms) = preSolution
		AppRelease|Any CPU = AppRelease|Any CPU
		Debug|Any CPU = Debug|Any CPU
		Release|Any CPU = Release|Any CPU
		Win32Release|Any CPU = Win32Release|Any CPU
	EndGlobalSection
	GlobalSection(ProjectConfigurationPlatforms) = postSolution
		{82124F8F-1A07-4475-9704-EA254A183FBC}.AppRelease|Any CPU.ActiveCfg = AppRelease|Any CPU
		{82124F8F-1A07-4475-9704-EA254A183FBC}.AppRelease|Any CPU.Build.0 = AppRelease|Any CPU
		{82124F8F-1A07-4475-9704-EA254A183FBC}.Debug|Any CPU.ActiveCfg = Debug|Any CPU
		{82124F8F-1A07-4475-9704-EA254A183FBC}.Debug|Any CPU.Build.0 = Debug|Any CPU
		{82124F8F-1A07-4475-9704-EA254A183FBC}.Debug|Any CPU.Deploy.0 = Debug|Any CPU
		{82124F8F-1A07-4475-9704-EA254A183FBC}.Release|Any CPU.ActiveCfg = Release|Any CPU
		{82124F8F-1A07-4475-9704-EA254A183FBC}.Release|Any CPU.Build.0 = Release|Any CPU
		{82124F8F-1A07-4475-9704-EA254A183FBC}.Release|Any CPU.Deploy.0 = Release|Any CPU
		{82124F8F-1A07-4475-9704-EA254A183FBC}.Win32Release|Any CPU.ActiveCfg = Win32Release|Any CPU
		{82124F8F-1A07-4475-9704-EA254A183FBC}.Win32Release|Any CPU.Build.0 = Win32Release|Any CPU
		{82124F8F-1A07-4475-9704-EA254A183FBC}.Win32Release|Any CPU.Deploy.0 = Win32Release|Any CPU
		{0E6DFCB7-F5E5-4647-BB16-1110D8B9DD2A}.AppRelease|Any CPU.ActiveCfg = AppRelease
		{0E6DFCB7-F5E5-4647-BB16-1110D8B9DD2A}.AppRelease|Any CPU.Build.0 = AppRelease
		{0E6DFCB7-F5E5-4647-BB16-1110D8B9DD2A}.Debug|Any CPU.ActiveCfg = Debug
		{0E6DFCB7-F5E5-4647-BB16-1110D8B9DD2A}.Release|Any CPU.ActiveCfg = Release
		{0E6DFCB7-F5E5-4647-BB16-1110D8B9DD2A}.Win32Release|Any CPU.ActiveCfg = Win32Release
	EndGlobalSection
	GlobalSection(SolutionProperties) = preSolution
		HideSolutionNode = FALSE
	EndGlobalSection
	GlobalSection(NestedProjects) = preSolution
		{CA74AC34-9418-4725-8C0C-6215F5DCE728} = {051B69AA-E147-4B6D-B7E6-44A6211E6061}
	EndGlobalSection
	GlobalSection(SubversionScc) = preSolution
		Svn-Managed = True
		Manager = AnkhSVN - Subversion Support for Visual Studio
	EndGlobalSection
EndGlobal
